{
	"name": "recordtypes-utility",
	"version": "1.7.0",
	"lockfileVersion": 3,
	"requires": true,
	"packages": {
		"": {
			"name": "recordtypes-utility",
			"version": "1.7.0",
			"license": "GPL-3.0-only",
			"devDependencies": {
				"@prettier/plugin-xml": "^3.4.2",
				"highlightjs-apex": "^1.66.0",
				"husky": "^9.1.7",
				"lint-staged": "^17.6.0",
				"marked": "^18.1.0",
				"node-jq": "^6.3.1",
				"prettier": "^3.9.9",
				"prettier-plugin-apex": "^2.3.0"
			}
		},
		"node_modules/@hapi/address": {
			"version": "5.1.1",
			"resolved": "https://registry.npmjs.org/@hapi/address/-/address-5.1.1.tgz",
			"integrity": "sha512-A+po2d/dVoY7cYajycYI43ZbYMXukuopIsqCjh5QzsBCipDtdofHntljDlpccMjIfTy6UOkg+5KPriwYch2bXA==",
			"dev": true,
			"license": "BSD-3-Clause",
			"dependencies": {
				"@hapi/hoek": "^11.0.2"
			},
			"engines": {
				"node": ">=14.0.0"
			}
		},
		"node_modules/@hapi/formula": {
			"version": "3.0.2",
			"resolved": "https://registry.npmjs.org/@hapi/formula/-/formula-3.0.2.tgz",
			"integrity": "sha512-hY5YPNXzw1He7s0iqkRQi+uMGh383CGdyyIGYtB+W5N3KHPXoqychklvHhKCC9M3Xtv0OCs/IHw+r4dcHtBYWw==",
			"dev": true,
			"license": "BSD-3-Clause"
		},
		"node_modules/@hapi/hoek": {
			"version": "11.0.7",
			"resolved": "https://registry.npmjs.org/@hapi/hoek/-/hoek-11.0.7.tgz",
			"integrity": "sha512-HV5undWkKzcB4RZUusqOpcgxOaq6VOAH7zhhIr2g3G8NF/MlFO75SjOr2NfuSx0Mh40+1FqCkagKLJRykUWoFQ==",
			"dev": true,
			"license": "BSD-3-Clause"
		},
		"node_modules/@hapi/pinpoint": {
			"version": "2.0.1",
			"resolved": "https://registry.npmjs.org/@hapi/pinpoint/-/pinpoint-2.0.1.tgz",
			"integrity": "sha512-EKQmr16tM8s16vTT3cA5L0kZZcTMU5DUOZTuvpnY738m+jyP3JIUj+Mm1xc1rsLkGBQ/gVnfKYPwOmPg1tUR4Q==",
			"dev": true,
			"license": "BSD-3-Clause"
		},
		"node_modules/@hapi/tlds": {
			"version": "1.1.7",
			"resolved": "https://registry.npmjs.org/@hapi/tlds/-/tlds-1.1.7.tgz",
			"integrity": "sha512-MgNjRwy9Ti92yVAixLmDc8dd1bJIKwO9qlWCfFQRwRmUEDPQHYn4G6hwPFvFGUTzAa0FsS+inMjLin7GnyBRhA==",
			"dev": true,
			"license": "BSD-3-Clause",
			"engines": {
				"node": ">=14.0.0"
			}
		},
		"node_modules/@hapi/topo": {
			"version": "6.0.2",
			"resolved": "https://registry.npmjs.org/@hapi/topo/-/topo-6.0.2.tgz",
			"integrity": "sha512-KR3rD5inZbGMrHmgPxsJ9dbi6zEK+C3ZwUwTa+eMwWLz7oijWUTWD2pMSNNYJAU6Qq+65NkxXjqHr/7LM2Xkqg==",
			"dev": true,
			"license": "BSD-3-Clause",
			"dependencies": {
				"@hapi/hoek": "^11.0.2"
			}
		},
		"node_modules/@highlightjs/cdn-assets": {
			"version": "11.11.1",
			"resolved": "https://registry.npmjs.org/@highlightjs/cdn-assets/-/cdn-assets-11.11.1.tgz",
			"integrity": "sha512-VEPdHzwelZ12hEX18BHduqxMZGolcUsrbeokHYxOUIm8X2+M7nx5QPtPeQgRxR9XjhdLv4/7DD5BWOlSrJ3k7Q==",
			"dev": true,
			"license": "BSD-3-Clause",
			"engines": {
				"node": ">=12.0.0"
			}
		},
		"node_modules/@isaacs/fs-minipass": {
			"version": "4.0.1",
			"resolved": "https://registry.npmjs.org/@isaacs/fs-minipass/-/fs-minipass-4.0.1.tgz",
			"integrity": "sha512-wgm9Ehl2jpeqP3zw/7mo3kRHFp5MEDhqAdwy1fTGkHAwnkGOVsgpvQhL8B5n1qlb01jV3n/bI0ZfZp5lWA1k4w==",
			"dev": true,
			"dependencies": {
				"minipass": "^7.0.4"
			},
			"engines": {
				"node": ">=18.0.0"
			}
		},
		"node_modules/@prettier-apex/apex-ast-serializer-darwin-arm64": {
			"version": "2.3.0",
			"resolved": "https://registry.npmjs.org/@prettier-apex/apex-ast-serializer-darwin-arm64/-/apex-ast-serializer-darwin-arm64-2.3.0.tgz",
			"integrity": "sha512-o2V3yYUHAj6v+xXYCgLzvvqKNrpV3VO4ZHdbLNkZm+ilSfa8CLu5HDB4+YMZVLgED0YLAHCNYdo6l1UaLS1WhQ==",
			"cpu": [
				"arm64"
			],
			"dev": true,
			"license": "MIT",
			"optional": true,
			"os": [
				"darwin"
			]
		},
		"node_modules/@prettier-apex/apex-ast-serializer-darwin-x64": {
			"version": "2.3.0",
			"resolved": "https://registry.npmjs.org/@prettier-apex/apex-ast-serializer-darwin-x64/-/apex-ast-serializer-darwin-x64-2.3.0.tgz",
			"integrity": "sha512-5RlADJkonU7ldQvdi2RfYP4RmxuXs5PzoSRFjbCnVfyIWExF7pM5eEHoGGpTOFmxmDivI4AjsK5m9WSCwrFBBA==",
			"cpu": [
				"x64"
			],
			"dev": true,
			"license": "MIT",
			"optional": true,
			"os": [
				"darwin"
			]
		},
		"node_modules/@prettier-apex/apex-ast-serializer-linux-x64": {
			"version": "2.3.0",
			"resolved": "https://registry.npmjs.org/@prettier-apex/apex-ast-serializer-linux-x64/-/apex-ast-serializer-linux-x64-2.3.0.tgz",
			"integrity": "sha512-NXqzeg/Rb1jaduI7sMfez/I5rl+2vZNWTcQSpgkt7artQ/jah41etAolMe7FYof3j8R0s1pwzY7zkLmLdYVBkw==",
			"cpu": [
				"x64"
			],
			"dev": true,
			"license": "MIT",
			"optional": true,
			"os": [
				"linux"
			]
		},
		"node_modules/@prettier-apex/apex-ast-serializer-win32-x64": {
			"version": "2.3.0",
			"resolved": "https://registry.npmjs.org/@prettier-apex/apex-ast-serializer-win32-x64/-/apex-ast-serializer-win32-x64-2.3.0.tgz",
			"integrity": "sha512-4wXOWPNQuM0FVpVOJG5XTNm7qV0CQOmlsq7XxUPIXvYq/fJ4gMxdII8pLVBe2qQdH22SAiVSLPSFggzCZ5GwyQ==",
			"cpu": [
				"x64"
			],
			"dev": true,
			"license": "MIT",
			"optional": true,
			"os": [
				"win32"
			]
		},
		"node_modules/@prettier/plugin-xml": {
			"version": "3.4.2",
			"resolved": "https://registry.npmjs.org/@prettier/plugin-xml/-/plugin-xml-3.4.2.tgz",
			"integrity": "sha512-/UyNlHfkuLXG6Ed85KB0WBF283xn2yavR+UtRibBRUcvEJId2DSLdGXwJ/cDa1X++SWDPzq3+GSFniHjkNy7yg==",
			"dev": true,
			"license": "MIT",
			"dependencies": {
				"@xml-tools/parser": "^1.0.11"
			},
			"peerDependencies": {
				"prettier": "^3.0.0"
			}
		},
		"node_modules/@standard-schema/spec": {
			"version": "1.1.0",
			"resolved": "https://registry.npmjs.org/@standard-schema/spec/-/spec-1.1.0.tgz",
			"integrity": "sha512-l2aFy5jALhniG5HgqrD6jXLi/rUWrKvqN/qJx6yoJsgKhblVd+iqqU4RCXavm/jPityDo5TCvKMnpjKnOriy0w==",
			"dev": true,
			"license": "MIT"
		},
		"node_modules/@xml-tools/parser": {
			"version": "1.0.11",
			"resolved": "https://registry.npmjs.org/@xml-tools/parser/-/parser-1.0.11.tgz",
			"integrity": "sha512-aKqQ077XnR+oQtHJlrAflaZaL7qZsulWc/i/ZEooar5JiWj1eLt0+Wg28cpa+XLney107wXqneC+oG1IZvxkTA==",
			"dev": true,
			"dependencies": {
				"chevrotain": "7.1.1"
			}
		},
		"node_modules/agent-base": {
			"version": "6.0.2",
			"resolved": "https://registry.npmjs.org/agent-base/-/agent-base-6.0.2.tgz",
			"integrity": "sha512-RZNwNclF7+MS/8bDg70amg32dyeZGZxiDuQmZxKLAlQjr3jGyLx+4Kkk58UO7D2QdgFIQCovuSuZESne6RG6XQ==",
			"dev": true,
			"license": "MIT",
			"dependencies": {
				"debug": "4"
			},
			"engines": {
				"node": ">= 6.0.0"
			}
		},
		"node_modules/asynckit": {
			"version": "0.4.0",
			"resolved": "https://registry.npmjs.org/asynckit/-/asynckit-0.4.0.tgz",
			"integrity": "sha512-Oei9OH4tRh0YqU3GxhX79dM/mwVgvbZJaSNaRk+bshkj0S5cfHcgYakreBjrHwatXKbz+IoIdYLxrKim2MjW0Q==",
			"dev": true
		},
		"node_modules/axios": {
			"version": "1.20.0",
			"resolved": "https://registry.npmjs.org/axios/-/axios-1.20.0.tgz",
			"integrity": "sha512-r8aOh8j9cGKpgQAqpzrUHnSIc6a59Y3Xf/cv8sy1DrHCkZHzQGEuoq1tARk6qSyDdtQGSDgpb9kFlruzPvrgwg==",
			"dev": true,
			"license": "MIT",
			"dependencies": {
				"follow-redirects": "^1.16.0",
				"form-data": "^4.0.6",
				"https-proxy-agent": "^5.0.1",
				"proxy-from-env": "^2.1.0"
			}
		},
		"node_modules/call-bind-apply-helpers": {
			"version": "1.0.2",
			"resolved": "https://registry.npmjs.org/call-bind-apply-helpers/-/call-bind-apply-helpers-1.0.2.tgz",
			"integrity": "sha512-Sp1ablJ0ivDkSzjcaJdxEunN5/XvksFJ2sMBFfq6x0ryhQV/2b/KwFe21cMpmHtPOSij8K99/wSfoEuTObmuMQ==",
			"dev": true,
			"license": "MIT",
			"dependencies": {
				"es-errors": "^1.3.0",
				"function-bind": "^1.1.2"
			},
			"engines": {
				"node": ">= 0.4"
			}
		},
		"node_modules/chevrotain": {
			"version": "7.1.1",
			"resolved": "https://registry.npmjs.org/chevrotain/-/chevrotain-7.1.1.tgz",
			"integrity": "sha512-wy3mC1x4ye+O+QkEinVJkPf5u2vsrDIYW9G7ZuwFl6v/Yu0LwUuT2POsb+NUWApebyxfkQq6+yDfRExbnI5rcw==",
			"dev": true,
			"dependencies": {
				"regexp-to-ast": "0.5.0"
			}
		},
		"node_modules/chownr": {
			"version": "3.0.0",
			"resolved": "https://registry.npmjs.org/chownr/-/chownr-3.0.0.tgz",
			"integrity": "sha512-+IxzY9BZOQd/XuYPRmrvEVjF/nqj5kgT4kEq7VofrDoM1MxoRjEWkrCC3EtLi59TVawxTAn+orJwFQcrqEN1+g==",
			"dev": true,
			"engines": {
				"node": ">=18"
			}
		},
		"node_modules/combined-stream": {
			"version": "1.0.8",
			"resolved": "https://registry.npmjs.org/combined-stream/-/combined-stream-1.0.8.tgz",
			"integrity": "sha512-FQN4MRfuJeHf7cBbBMJFXhKSDq+2kAArBlmRBvcvFE5BB1HZKXtSFASDhdlz9zOYwxh8lDdnvmMOe/+5cdoEdg==",
			"dev": true,
			"dependencies": {
				"delayed-stream": "~1.0.0"
			},
			"engines": {
				"node": ">= 0.8"
			}
		},
		"node_modules/crypto-random-string": {
			"version": "4.0.0",
			"resolved": "https://registry.npmjs.org/crypto-random-string/-/crypto-random-string-4.0.0.tgz",
			"integrity": "sha512-x8dy3RnvYdlUcPOjkEHqozhiwzKNSq7GcPuXFbnyMOCHxX8V3OgIg/pYuabl2sbUPfIJaeAQB7PMOK8DFIdoRA==",
			"dev": true,
			"dependencies": {
				"type-fest": "^1.0.1"
			},
			"engines": {
				"node": ">=12"
			},
			"funding": {
				"url": "https://github.com/sponsors/sindresorhus"
			}
		},
		"node_modules/crypto-random-string/node_modules/type-fest": {
			"version": "1.4.0",
			"resolved": "https://registry.npmjs.org/type-fest/-/type-fest-1.4.0.tgz",
			"integrity": "sha512-yGSza74xk0UG8k+pLh5oeoYirvIiWo5t0/o3zHHAO2tRDiZcxWP7fywNlXhqb6/r6sWvwi+RsyQMWhVLe4BVuA==",
			"dev": true,
			"engines": {
				"node": ">=10"
			},
			"funding": {
				"url": "https://github.com/sponsors/sindresorhus"
			}
		},
		"node_modules/debug": {
			"version": "4.4.0",
			"resolved": "https://registry.npmjs.org/debug/-/debug-4.4.0.tgz",
			"integrity": "sha512-6WTZ/IxCY/T6BALoZHaE4ctp9xm+Z5kY/pzYaCHRFeyVhojxlrm+46y68HA6hr0TcwEssoxNiDEUJQjfPZ/RYA==",
			"dev": true,
			"dependencies": {
				"ms": "^2.1.3"
			},
			"engines": {
				"node": ">=6.0"
			},
			"peerDependenciesMeta": {
				"supports-color": {
					"optional": true
				}
			}
		},
		"node_modules/delayed-stream": {
			"version": "1.0.0",
			"resolved": "https://registry.npmjs.org/delayed-stream/-/delayed-stream-1.0.0.tgz",
			"integrity": "sha512-ZySD7Nf91aLB0RxL4KGrKHBXl7Eds1DAmEdcoVawXnLD7SDhpNgtuII2aAkg7a7QS41jxPSZ17p4VdGnMHk3MQ==",
			"dev": true,
			"engines": {
				"node": ">=0.4.0"
			}
		},
		"node_modules/detect-newline": {
			"version": "3.1.0",
			"resolved": "https://registry.npmjs.org/detect-newline/-/detect-newline-3.1.0.tgz",
			"integrity": "sha512-TLz+x/vEXm/Y7P7wn1EJFNLxYpUD4TgMosxY6fAVJUnJMbupHBOncxyWUG9OpTaH9EBD7uFI5LfEgmMOc54DsA==",
			"dev": true,
			"engines": {
				"node": ">=8"
			}
		},
		"node_modules/dunder-proto": {
			"version": "1.0.1",
			"resolved": "https://registry.npmjs.org/dunder-proto/-/dunder-proto-1.0.1.tgz",
			"integrity": "sha512-KIN/nDJBQRcXw0MLVhZE9iQHmG68qAVIBg9CqmUYjmQIhgij9U5MFvrqkUL5FbtyyzZuOeOt0zdeRe4UY7ct+A==",
			"dev": true,
			"license": "MIT",
			"dependencies": {
				"call-bind-apply-helpers": "^1.0.1",
				"es-errors": "^1.3.0",
				"gopd": "^1.2.0"
			},
			"engines": {
				"node": ">= 0.4"
			}
		},
		"node_modules/es-define-property": {
			"version": "1.0.1",
			"resolved": "https://registry.npmjs.org/es-define-property/-/es-define-property-1.0.1.tgz",
			"integrity": "sha512-e3nRfgfUZ4rNGL232gUgX06QNyyez04KdjFrF+LTRoOXmrOgFKDg4BCdsjW8EnT69eqdYGmRpJwiPVYNrCaW3g==",
			"dev": true,
			"license": "MIT",
			"engines": {
				"node": ">= 0.4"
			}
		},
		"node_modules/es-errors": {
			"version": "1.3.0",
			"resolved": "https://registry.npmjs.org/es-errors/-/es-errors-1.3.0.tgz",
			"integrity": "sha512-Zf5H2Kxt2xjTvbJvP2ZWLEICxA6j+hAmMzIlypy4xcBg1vKVnx89Wy0GbS+kf5cwCVFFzdCFh2XSCFNULS6csw==",
			"dev": true,
			"license": "MIT",
			"engines": {
				"node": ">= 0.4"
			}
		},
		"node_modules/es-object-atoms": {
			"version": "1.1.2",
			"resolved": "https://registry.npmjs.org/es-object-atoms/-/es-object-atoms-1.1.2.tgz",
			"integrity": "sha512-HWcBoN6NileqtSydK2FqHbS/LoDd2pqrnQHLyJzBj4kOp/ky2MWMN694xOfkK8/SnUsW2DH7EfyVlydKCsm1Zw==",
			"dev": true,
			"license": "MIT",
			"dependencies": {
				"es-errors": "^1.3.0"
			},
			"engines": {
				"node": ">= 0.4"
			}
		},
		"node_modules/es-set-tostringtag": {
			"version": "2.1.0",
			"resolved": "https://registry.npmjs.org/es-set-tostringtag/-/es-set-tostringtag-2.1.0.tgz",
			"integrity": "sha512-j6vWzfrGVfyXxge+O0x5sh6cvxAog0a/4Rdd2K36zCMV5eJ+/+tOAngRO8cODMNWbVRdVlmGZQL2YS3yR8bIUA==",
			"dev": true,
			"license": "MIT",
			"dependencies": {
				"es-errors": "^1.3.0",
				"get-intrinsic": "^1.2.6",
				"has-tostringtag": "^1.0.2",
				"hasown": "^2.0.2"
			},
			"engines": {
				"node": ">= 0.4"
			}
		},
		"node_modules/follow-redirects": {
			"version": "1.16.0",
			"resolved": "https://registry.npmjs.org/follow-redirects/-/follow-redirects-1.16.0.tgz",
			"integrity": "sha512-y5rN/uOsadFT/JfYwhxRS5R7Qce+g3zG97+JrtFZlC9klX/W5hD7iiLzScI4nZqUS7DNUdhPgw4xI8W2LuXlUw==",
			"dev": true,
			"funding": [
				{
					"type": "individual",
					"url": "https://github.com/sponsors/RubenVerborgh"
				}
			],
			"license": "MIT",
			"engines": {
				"node": ">=4.0"
			},
			"peerDependenciesMeta": {
				"debug": {
					"optional": true
				}
			}
		},
		"node_modules/form-data": {
			"version": "4.0.6",
			"resolved": "https://registry.npmjs.org/form-data/-/form-data-4.0.6.tgz",
			"integrity": "sha512-vKatAh4SlVfgbv+YtmhiRjhEMJsYpsG1Y2rMQtR+SVSbytsSD1YGzDIcrAJmdFec88u/+VoGmxnl+80gL1tRCQ==",
			"dev": true,
			"license": "MIT",
			"dependencies": {
				"asynckit": "^0.4.0",
				"combined-stream": "^1.0.8",
				"es-set-tostringtag": "^2.1.0",
				"hasown": "^2.0.4",
				"mime-types": "^2.1.35"
			},
			"engines": {
				"node": ">= 6"
			}
		},
		"node_modules/function-bind": {
			"version": "1.1.2",
			"resolved": "https://registry.npmjs.org/function-bind/-/function-bind-1.1.2.tgz",
			"integrity": "sha512-7XHNxH7qX9xG5mIwxkhumTox/MIRNcOgDrxWsMt2pAr23WHp6MrRlN7FBSFpCpr+oVO0F744iUgR82nJMfG2SA==",
			"dev": true,
			"license": "MIT",
			"funding": {
				"url": "https://github.com/sponsors/ljharb"
			}
		},
		"node_modules/get-intrinsic": {
			"version": "1.3.0",
			"resolved": "https://registry.npmjs.org/get-intrinsic/-/get-intrinsic-1.3.0.tgz",
			"integrity": "sha512-9fSjSaos/fRIVIp+xSJlE6lfwhES7LNtKaCBIamHsjr2na1BiABJPo0mOjjz8GJDURarmCPGqaiVg5mfjb98CQ==",
			"dev": true,
			"license": "MIT",
			"dependencies": {
				"call-bind-apply-helpers": "^1.0.2",
				"es-define-property": "^1.0.1",
				"es-errors": "^1.3.0",
				"es-object-atoms": "^1.1.1",
				"function-bind": "^1.1.2",
				"get-proto": "^1.0.1",
				"gopd": "^1.2.0",
				"has-symbols": "^1.1.0",
				"hasown": "^2.0.2",
				"math-intrinsics": "^1.1.0"
			},
			"engines": {
				"node": ">= 0.4"
			},
			"funding": {
				"url": "https://github.com/sponsors/ljharb"
			}
		},
		"node_modules/get-proto": {
			"version": "1.0.1",
			"resolved": "https://registry.npmjs.org/get-proto/-/get-proto-1.0.1.tgz",
			"integrity": "sha512-sTSfBjoXBp89JvIKIefqw7U2CCebsc74kiY6awiGogKtoSGbgjYE/G/+l9sF3MWFPNc9IcoOC4ODfKHfxFmp0g==",
			"dev": true,
			"license": "MIT",
			"dependencies": {
				"dunder-proto": "^1.0.1",
				"es-object-atoms": "^1.0.0"
			},
			"engines": {
				"node": ">= 0.4"
			}
		},
		"node_modules/gopd": {
			"version": "1.2.0",
			"resolved": "https://registry.npmjs.org/gopd/-/gopd-1.2.0.tgz",
			"integrity": "sha512-ZUKRh6/kUFoAiTAtTYPZJ3hw9wNxx+BIBOijnlG9PnrJsCcSjs1wyyD6vJpaYtgnzDrKYRSqf3OO6Rfa93xsRg==",
			"dev": true,
			"license": "MIT",
			"engines": {
				"node": ">= 0.4"
			},
			"funding": {
				"url": "https://github.com/sponsors/ljharb"
			}
		},
		"node_modules/has-symbols": {
			"version": "1.1.0",
			"resolved": "https://registry.npmjs.org/has-symbols/-/has-symbols-1.1.0.tgz",
			"integrity": "sha512-1cDNdwJ2Jaohmb3sg4OmKaMBwuC48sYni5HUw2DvsC8LjGTLK9h+eb1X6RyuOHe4hT0ULCW68iomhjUoKUqlPQ==",
			"dev": true,
			"license": "MIT",
			"engines": {
				"node": ">= 0.4"
			},
			"funding": {
				"url": "https://github.com/sponsors/ljharb"
			}
		},
		"node_modules/has-tostringtag": {
			"version": "1.0.2",
			"resolved": "https://registry.npmjs.org/has-tostringtag/-/has-tostringtag-1.0.2.tgz",
			"integrity": "sha512-NqADB8VjPFLM2V0VvHUewwwsw0ZWBaIdgo+ieHtK3hasLz4qeCRjYcqfB6AQrBggRKppKF8L52/VqdVsO47Dlw==",
			"dev": true,
			"license": "MIT",
			"dependencies": {
				"has-symbols": "^1.0.3"
			},
			"engines": {
				"node": ">= 0.4"
			},
			"funding": {
				"url": "https://github.com/sponsors/ljharb"
			}
		},
		"node_modules/hasown": {
			"version": "2.0.4",
			"resolved": "https://registry.npmjs.org/hasown/-/hasown-2.0.4.tgz",
			"integrity": "sha512-T2UbfbBEF32wiepXIsMlTW9+dDYC6wMh/t/vYA4tuOMKqWz/n3vr1NFSxQiyP+zk2mXsoMA/i/7qV6LKut1t1A==",
			"dev": true,
			"license": "MIT",
			"dependencies": {
				"function-bind": "^1.1.2"
			},
			"engines": {
				"node": ">= 0.4"
			}
		},
		"node_modules/highlightjs-apex": {
			"version": "1.66.0",
			"resolved": "https://registry.npmjs.org/highlightjs-apex/-/highlightjs-apex-1.66.0.tgz",
			"integrity": "sha512-h8xH1fsL6XiOzlNksnh91wQg/9XszUNHGERjTDRKe4RJiDGlb/iF6xnR1CGGClooujdziGj1DocieGutYlMfRA==",
			"dev": true,
			"license": "MIT",
			"dependencies": {
				"@highlightjs/cdn-assets": "^11.11.1"
			}
		},
		"node_modules/https-proxy-agent": {
			"version": "5.0.1",
			"resolved": "https://registry.npmjs.org/https-proxy-agent/-/https-proxy-agent-5.0.1.tgz",
			"integrity": "sha512-dFcAjpTQFgoLMzC2VwU+C/CbS7uRL0lWmxDITmqm7C+7F0Odmj6s9l6alZc6AELXhrnggM2CeWSXHGOdX2YtwA==",
			"dev": true,
			"license": "MIT",
			"dependencies": {
				"agent-base": "6",
				"debug": "4"
			},
			"engines": {
				"node": ">= 6"
			}
		},
		"node_modules/husky": {
			"version": "9.1.7",
			"resolved": "https://registry.npmjs.org/husky/-/husky-9.1.7.tgz",
			"integrity": "sha512-5gs5ytaNjBrh5Ow3zrvdUUY+0VxIuWVL4i9irt6friV+BqdCfmV11CQTWMiBYWHbXhco+J1kHfTOUkePhCDvMA==",
			"dev": true,
			"bin": {
				"husky": "bin.js"
			},
			"engines": {
				"node": ">=18"
			},
			"funding": {
				"url": "https://github.com/sponsors/typicode"
			}
		},
		"node_modules/is-extglob": {
			"version": "1.0.0",
			"resolved": "https://registry.npmjs.org/is-extglob/-/is-extglob-1.0.0.tgz",
			"integrity": "sha512-7Q+VbVafe6x2T+Tu6NcOf6sRklazEPmBoB3IWk3WdGZM2iGUwU/Oe3Wtq5lSEkDTTlpp8yx+5t4pzO/i9Ty1ww==",
			"dev": true,
			"engines": {
				"node": ">=0.10.0"
			}
		},
		"node_modules/is-glob": {
			"version": "2.0.1",
			"resolved": "https://registry.npmjs.org/is-glob/-/is-glob-2.0.1.tgz",
			"integrity": "sha512-a1dBeB19NXsf/E0+FHqkagizel/LQw2DjSQpvQrj3zT+jYPpaUCryPnrQajXKFLCMuf4I6FhRpaGtw4lPrG6Eg==",
			"dev": true,
			"dependencies": {
				"is-extglob": "^1.0.0"
			},
			"engines": {
				"node": ">=0.10.0"
			}
		},
		"node_modules/is-invalid-path": {
			"version": "0.1.0",
			"resolved": "https://registry.npmjs.org/is-invalid-path/-/is-invalid-path-0.1.0.tgz",
			"integrity": "sha512-aZMG0T3F34mTg4eTdszcGXx54oiZ4NtHSft3hWNJMGJXUUqdIj3cOZuHcU0nCWWcY3jd7yRe/3AEm3vSNTpBGQ==",
			"dev": true,
			"dependencies": {
				"is-glob": "^2.0.0"
			},
			"engines": {
				"node": ">=0.10.0"
			}
		},
		"node_modules/is-stream": {
			"version": "3.0.0",
			"resolved": "https://registry.npmjs.org/is-stream/-/is-stream-3.0.0.tgz",
			"integrity": "sha512-LnQR4bZ9IADDRSkvpqMGvt/tEJWclzklNgSw48V5EAaAeDd6qGvN8ei6k5p0tvxSR171VmGyHuTiAOfxAbr8kA==",
			"dev": true,
			"engines": {
				"node": "^12.20.0 || ^14.13.1 || >=16.0.0"
			},
			"funding": {
				"url": "https://github.com/sponsors/sindresorhus"
			}
		},
		"node_modules/is-valid-path": {
			"version": "0.1.1",
			"resolved": "https://registry.npmjs.org/is-valid-path/-/is-valid-path-0.1.1.tgz",
			"integrity": "sha512-+kwPrVDu9Ms03L90Qaml+79+6DZHqHyRoANI6IsZJ/g8frhnfchDOBCa0RbQ6/kdHt5CS5OeIEyrYznNuVN+8A==",
			"dev": true,
			"dependencies": {
				"is-invalid-path": "^0.1.0"
			},
			"engines": {
				"node": ">=0.10.0"
			}
		},
		"node_modules/jest-docblock": {
			"version": "30.5.0",
			"resolved": "https://registry.npmjs.org/jest-docblock/-/jest-docblock-30.5.0.tgz",
			"integrity": "sha512-NwDqcxtoZi33RhuW+zJS/RVA3rmheQ8BnwpYZuc/Eruaz6seQb7+aoCeDZu/3X7W2XmD8DbSo9Pn72DbKsBFYw==",
			"dev": true,
			"license": "MIT",
			"dependencies": {
				"detect-newline": "^3.1.0"
			},
			"engines": {
				"node": "^18.14.0 || ^20.0.0 || ^22.0.0 || >=24.0.0"
			}
		},
		"node_modules/joi": {
			"version": "18.2.9",
			"resolved": "https://registry.npmjs.org/joi/-/joi-18.2.9.tgz",
			"integrity": "sha512-2mD929bUVKUhOLQQEVhlf6EZ0Mlo0DeRb5MO7cViR9AXLtBauuccEtB1py9Ocxpo/P7ucnh442iY/iOwrh3IQw==",
			"dev": true,
			"license": "BSD-3-Clause",
			"dependencies": {
				"@hapi/address": "^5.1.1",
				"@hapi/formula": "^3.0.2",
				"@hapi/hoek": "^11.0.7",
				"@hapi/pinpoint": "^2.0.1",
				"@hapi/tlds": "^1.1.1",
				"@hapi/topo": "^6.0.2",
				"@standard-schema/spec": "^1.1.0"
			},
			"engines": {
				"node": ">= 20"
			}
		},
		"node_modules/lint-staged": {
			"version": "17.6.0",
			"resolved": "https://registry.npmjs.org/lint-staged/-/lint-staged-17.6.0.tgz",
			"integrity": "sha512-nOhBfYkZEwkFtNzD5pK9s9LkcWoxJ+whLzEnhqi9nl7zTB5n7tg8+9iYgMGx2Wm3VlLu8cbNj0RACzY+nWi5iQ==",
			"dev": true,
			"license": "MIT",
			"dependencies": {
				"picomatch": "^4.0.7",
				"string-argv": "^0.3.2",
				"tinyexec": "^1.3.1"
			},
			"bin": {
				"lint-staged": "bin/lint-staged.js"
			},
			"engines": {
				"node": ">=22.22.1"
			},
			"funding": {
				"url": "https://opencollective.com/lint-staged"
			},
			"optionalDependencies": {
				"yaml": "^2.9.1"
			}
		},
		"node_modules/lint-staged/node_modules/picomatch": {
			"version": "4.0.7",
			"resolved": "https://registry.npmjs.org/picomatch/-/picomatch-4.0.7.tgz",
			"integrity": "sha512-qcJu88Q2IWqJsDD529JKMdwGm/dvInW4HvQnRwiH9JtihJvzGOscDtHE3x1pBKeUOTysQ8kVmLnJ2kJu7yhcGA==",
			"dev": true,
			"license": "MIT",
			"engines": {
				"node": ">=12"
			},
			"funding": {
				"url": "https://github.com/sponsors/jonschlinkert"
			}
		},
		"node_modules/lodash": {
			"version": "4.18.1",
			"resolved": "https://registry.npmjs.org/lodash/-/lodash-4.18.1.tgz",
			"integrity": "sha512-dMInicTPVE8d1e5otfwmmjlxkZoUpiVLwyeTdUsi/Caj/gfzzblBcCE5sRHV/AsjuCmxWrte2TNGSYuCeCq+0Q==",
			"dev": true,
			"license": "MIT"
		},
		"node_modules/marked": {
			"version": "18.1.0",
			"resolved": "https://registry.npmjs.org/marked/-/marked-18.1.0.tgz",
			"integrity": "sha512-PamYXWWWg2nboG3oX5Ffzpy3EFZROqZJK9hSlMmUnekp7TxPs5DcT95vwd46m73/exfKCRVMtgXoPMI4FEJL6w==",
			"dev": true,
			"license": "MIT",
			"bin": {
				"marked": "bin/marked.js"
			},
			"engines": {
				"node": ">= 20"
			}
		},
		"node_modules/math-intrinsics": {
			"version": "1.1.0",
			"resolved": "https://registry.npmjs.org/math-intrinsics/-/math-intrinsics-1.1.0.tgz",
			"integrity": "sha512-/IXtbwEk5HTPyEwyKX6hGkYXxM9nbj64B+ilVJnC/R6B0pH5G4V3b0pVbL7DBj4tkhBAppbQUlf6F6Xl9LHu1g==",
			"dev": true,
			"license": "MIT",
			"engines": {
				"node": ">= 0.4"
			}
		},
		"node_modules/mime-db": {
			"version": "1.52.0",
			"resolved": "https://registry.npmjs.org/mime-db/-/mime-db-1.52.0.tgz",
			"integrity": "sha512-sPU4uV7dYlvtWJxwwxHD0PuihVNiE7TyAbQ5SWxDCB9mUYvOgroQOwYQQOKPJ8CIbE+1ETVlOoK1UC2nU3gYvg==",
			"dev": true,
			"engines": {
				"node": ">= 0.6"
			}
		},
		"node_modules/mime-types": {
			"version": "2.1.35",
			"resolved": "https://registry.npmjs.org/mime-types/-/mime-types-2.1.35.tgz",
			"integrity": "sha512-ZDY+bPm5zTTF+YpCrAU9nK0UgICYPT0QtT1NZWFv4s++TNkcgVaT0g6+4R2uI4MjQjzysHB1zxuWL50hzaeXiw==",
			"dev": true,
			"dependencies": {
				"mime-db": "1.52.0"
			},
			"engines": {
				"node": ">= 0.6"
			}
		},
		"node_modules/minipass": {
			"version": "7.1.2",
			"resolved": "https://registry.npmjs.org/minipass/-/minipass-7.1.2.tgz",
			"integrity": "sha512-qOOzS1cBTWYF4BH8fVePDBOO9iptMnGUEZwNc/cMWnTV2nVLZ7VoNWEPHkYczZA0pdoA7dl6e7FL659nX9S2aw==",
			"dev": true,
			"engines": {
				"node": ">=16 || 14 >=14.17"
			}
		},
		"node_modules/minizlib": {
			"version": "3.1.0",
			"resolved": "https://registry.npmjs.org/minizlib/-/minizlib-3.1.0.tgz",
			"integrity": "sha512-KZxYo1BUkWD2TVFLr0MQoM8vUUigWD3LlD83a/75BqC+4qE0Hb1Vo5v1FgcfaNXvfXzr+5EhQ6ing/CaBijTlw==",
			"dev": true,
			"license": "MIT",
			"dependencies": {
				"minipass": "^7.1.2"
			},
			"engines": {
				"node": ">= 18"
			}
		},
		"node_modules/ms": {
			"version": "2.1.3",
			"resolved": "https://registry.npmjs.org/ms/-/ms-2.1.3.tgz",
			"integrity": "sha512-6FlzubTLZG3J2a/NVCAleEhjzq5oxgHyaCU9yYXvcLsvoVaHJq/s5xXI6/XXP6tz7R9xAOtHnSO/tXtF3WRTlA==",
			"dev": true
		},
		"node_modules/node-jq": {
			"version": "6.3.1",
			"resolved": "https://registry.npmjs.org/node-jq/-/node-jq-6.3.1.tgz",
			"integrity": "sha512-4RRIiWwBGxVLLARVBHWyWjruO3IMjK/9bfS96W3RHDNjrGqJiZjWu6Hd1X2J8Xd/otu7FGFm7ryzrdioHxswuw==",
			"dev": true,
			"hasInstallScript": true,
			"license": "MIT",
			"dependencies": {
				"is-valid-path": "^0.1.1",
				"strip-final-newline": "^2.0.0",
				"tar": "^7.4.0",
				"tempy": "^3.1.0",
				"zod": "^3.23.8"
			},
			"bin": {
				"node-jq": "node-jq"
			},
			"engines": {
				"node": ">= 18"
			}
		},
		"node_modules/node-jq/node_modules/strip-final-newline": {
			"version": "2.0.0",
			"resolved": "https://registry.npmjs.org/strip-final-newline/-/strip-final-newline-2.0.0.tgz",
			"integrity": "sha512-BrpvfNAE3dcvq7ll3xVumzjKjZQ5tI1sEUIKr3Uoks0XUl45St3FlatVqef9prk4jRDzhW6WZg+3bk93y6pLjA==",
			"dev": true,
			"license": "MIT",
			"engines": {
				"node": ">=6"
			}
		},
		"node_modules/prettier": {
			"version": "3.9.9",
			"resolved": "https://registry.npmjs.org/prettier/-/prettier-3.9.9.tgz",
			"integrity": "sha512-Z/CJHIkdujO/OtN7nXUii0Rf3VT5SRuhjBA82Xvu2XhBUgX3nhP67T0LHceBdQLex7OOFGTox+Q5Yg8Jk2Qivg==",
			"dev": true,
			"license": "MIT",
			"bin": {
				"prettier": "bin/prettier.cjs"
			},
			"engines": {
				"node": ">=14"
			},
			"funding": {
				"url": "https://github.com/prettier/prettier?sponsor=1"
			}
		},
		"node_modules/prettier-plugin-apex": {
			"version": "2.3.0",
			"resolved": "https://registry.npmjs.org/prettier-plugin-apex/-/prettier-plugin-apex-2.3.0.tgz",
			"integrity": "sha512-OSDeEeoQRAsKOKDZMJkxX5rqHXsxJGK8Pt5Vwws4afKP9XjrDBhw+AIz9vWhOgTtgBM4GFQ8WAeOfDcygNsQPQ==",
			"dev": true,
			"license": "MIT",
			"dependencies": {
				"jest-docblock": "^30.0.0",
				"wait-on": "^9.0.0"
			},
			"bin": {
				"apex-ast-serializer": "vendor/apex-ast-serializer/bin/apex-ast-serializer",
				"apex-ast-serializer-http": "vendor/apex-ast-serializer/bin/apex-ast-serializer-http",
				"start-apex-server": "dist/bin/start-apex-server.js",
				"stop-apex-server": "dist/bin/stop-apex-server.js"
			},
			"optionalDependencies": {
				"@prettier-apex/apex-ast-serializer-darwin-arm64": "2.3.0",
				"@prettier-apex/apex-ast-serializer-darwin-x64": "2.3.0",
				"@prettier-apex/apex-ast-serializer-linux-x64": "2.3.0",
				"@prettier-apex/apex-ast-serializer-win32-x64": "2.3.0"
			},
			"peerDependencies": {
				"prettier": "^3.0.0"
			}
		},
		"node_modules/proxy-from-env": {
			"version": "2.1.0",
			"resolved": "https://registry.npmjs.org/proxy-from-env/-/proxy-from-env-2.1.0.tgz",
			"integrity": "sha512-cJ+oHTW1VAEa8cJslgmUZrc+sjRKgAKl3Zyse6+PV38hZe/V6Z14TbCuXcan9F9ghlz4QrFr2c92TNF82UkYHA==",
			"dev": true,
			"license": "MIT",
			"engines": {
				"node": ">=10"
			}
		},
		"node_modules/regexp-to-ast": {
			"version": "0.5.0",
			"resolved": "https://registry.npmjs.org/regexp-to-ast/-/regexp-to-ast-0.5.0.tgz",
			"integrity": "sha512-tlbJqcMHnPKI9zSrystikWKwHkBqu2a/Sgw01h3zFjvYrMxEDYHzzoMZnUrbIfpTFEsoRnnviOXNCzFiSc54Qw==",
			"dev": true
		},
		"node_modules/rxjs": {
			"version": "7.8.2",
			"resolved": "https://registry.npmjs.org/rxjs/-/rxjs-7.8.2.tgz",
			"integrity": "sha512-dhKf903U/PQZY6boNNtAGdWbG85WAbjT/1xYoZIC7FAY0yWapOBQVsVrDl58W86//e1VpMNBtRV4MaXfdMySFA==",
			"dev": true,
			"license": "Apache-2.0",
			"dependencies": {
				"tslib": "^2.1.0"
			}
		},
		"node_modules/string-argv": {
			"version": "0.3.2",
			"resolved": "https://registry.npmjs.org/string-argv/-/string-argv-0.3.2.tgz",
			"integrity": "sha512-aqD2Q0144Z+/RqG52NeHEkZauTAUWJO8c6yTftGJKO3Tja5tUgIfmIl6kExvhtxSDP7fXB6DvzkfMpCd/F3G+Q==",
			"dev": true,
			"engines": {
				"node": ">=0.6.19"
			}
		},
		"node_modules/tar": {
			"version": "7.5.22",
			"resolved": "https://registry.npmjs.org/tar/-/tar-7.5.22.tgz",
			"integrity": "sha512-MFO/QzvtAOmJbkhOaCTvbGcFN9L9b+JunIsDwaKljSOdcLMea3NJ1k9Usz/rjdfSXTq4dfzfeS7W4p4YOAAHeA==",
			"dev": true,
			"license": "BlueOak-1.0.0",
			"dependencies": {
				"@isaacs/fs-minipass": "^4.0.0",
				"chownr": "^3.0.0",
				"minipass": "^7.1.2",
				"minizlib": "^3.1.0",
				"yallist": "^5.0.0"
			},
			"engines": {
				"node": ">=18"
			}
		},
		"node_modules/temp-dir": {
			"version": "3.0.0",
			"resolved": "https://registry.npmjs.org/temp-dir/-/temp-dir-3.0.0.tgz",
			"integrity": "sha512-nHc6S/bwIilKHNRgK/3jlhDoIHcp45YgyiwcAk46Tr0LfEqGBVpmiAyuiuxeVE44m3mXnEeVhaipLOEWmH+Njw==",
			"dev": true,
			"engines": {
				"node": ">=14.16"
			}
		},
		"node_modules/tempy": {
			"version": "3.1.0",
			"resolved": "https://registry.npmjs.org/tempy/-/tempy-3.1.0.tgz",
			"integrity": "sha512-7jDLIdD2Zp0bDe5r3D2qtkd1QOCacylBuL7oa4udvN6v2pqr4+LcCr67C8DR1zkpaZ8XosF5m1yQSabKAW6f2g==",
			"dev": true,
			"dependencies": {
				"is-stream": "^3.0.0",
				"temp-dir": "^3.0.0",
				"type-fest": "^2.12.2",
				"unique-string": "^3.0.0"
			},
			"engines": {
				"node": ">=14.16"
			},
			"funding": {
				"url": "https://github.com/sponsors/sindresorhus"
			}
		},
		"node_modules/tinyexec": {
			"version": "1.3.1",
			"resolved": "https://registry.npmjs.org/tinyexec/-/tinyexec-1.3.1.tgz",
			"integrity": "sha512-GCvB3aoys96IuDFBMcTB46JOR6mdMtAToqwiW8JlWhsoh1mhHi/xn9ss/Dg7N555GiJyEt2qzoG/NHCwM6h1EA==",
			"dev": true,
			"license": "MIT",
			"engines": {
				"node": ">=18"
			}
		},
		"node_modules/tslib": {
			"version": "2.8.1",
			"resolved": "https://registry.npmjs.org/tslib/-/tslib-2.8.1.tgz",
			"integrity": "sha512-oJFu94HQb+KVduSUQL7wnpmqnfmLsOA/nAh6b6EH0wCEoK0/mPeXU6c3wKDV83MkOuHPRHtSXKKU99IBazS/2w==",
			"dev": true,
			"license": "0BSD"
		},
		"node_modules/type-fest": {
			"version": "2.19.0",
			"resolved": "https://registry.npmjs.org/type-fest/-/type-fest-2.19.0.tgz",
			"integrity": "sha512-RAH822pAdBgcNMAfWnCBU3CFZcfZ/i1eZjwFU/dsLKumyuuP3niueg2UAukXYF0E2AAoc82ZSSf9J0WQBinzHA==",
			"dev": true,
			"engines": {
				"node": ">=12.20"
			},
			"funding": {
				"url": "https://github.com/sponsors/sindresorhus"
			}
		},
		"node_modules/unique-string": {
			"version": "3.0.0",
			"resolved": "https://registry.npmjs.org/unique-string/-/unique-string-3.0.0.tgz",
			"integrity": "sha512-VGXBUVwxKMBUznyffQweQABPRRW1vHZAbadFZud4pLFAqRGvv/96vafgjWFqzourzr8YonlQiPgH0YCJfawoGQ==",
			"dev": true,
			"dependencies": {
				"crypto-random-string": "^4.0.0"
			},
			"engines": {
				"node": ">=12"
			},
			"funding": {
				"url": "https://github.com/sponsors/sindresorhus"
			}
		},
		"node_modules/wait-on": {
			"version": "9.5.1",
			"resolved": "https://registry.npmjs.org/wait-on/-/wait-on-9.5.1.tgz",
			"integrity": "sha512-bOtj1wRY6u+GPnNskZLcgZNHOaL5NC4+5hRCbEpVoVX6MbMrCLCqIBM2bjsAfrgst3ZC0siIo7vLb4LuYFfIow==",
			"dev": true,
			"license": "MIT",
			"dependencies": {
				"axios": "^1.20.0",
				"joi": "^18.2.9",
				"lodash": "^4.18.1",
				"rxjs": "^7.8.2"
			},
			"bin": {
				"wait-on": "bin/wait-on"
			},
			"engines": {
				"node": ">=20.0.0"
			}
		},
		"node_modules/yallist": {
			"version": "5.0.0",
			"resolved": "https://registry.npmjs.org/yallist/-/yallist-5.0.0.tgz",
			"integrity": "sha512-YgvUTfwqyc7UXVMrB+SImsVYSmTS8X/tSrtdNZMImM+n7+QTriRXyXim0mBrTXNeqzVF0KWGgHPeiyViFFrNDw==",
			"dev": true,
			"engines": {
				"node": ">=18"
			}
		},
		"node_modules/yaml": {
			"version": "2.9.1",
			"resolved": "https://registry.npmjs.org/yaml/-/yaml-2.9.1.tgz",
			"integrity": "sha512-3NxN8+78OdzbT7C/WjGsyfPAtJaN3FNDsWxv7Y7mcDsT/oOmgW8BpyQQFFBnvZE3j9Y2Sdz1ULFLezL7Eb2yFw==",
			"dev": true,
			"license": "ISC",
			"optional": true,
			"bin": {
				"yaml": "bin.mjs"
			},
			"engines": {
				"node": ">= 14.6"
			},
			"funding": {
				"url": "https://github.com/sponsors/eemeli"
			}
		},
		"node_modules/zod": {
			"version": "3.23.8",
			"resolved": "https://registry.npmjs.org/zod/-/zod-3.23.8.tgz",
			"integrity": "sha512-XBx9AXhXktjUqnepgTiE5flcKIYWi/rme0Eaj+5Y0lftuGBq+jyRu/md4WnuxqgP1ubdpNCsYEYPxrzVHD8d6g==",
			"dev": true,
			"funding": {
				"url": "https://github.com/sponsors/colinhacks"
			}
		}
	}
}
